// !$*UTF8*$!
{
	archiveVersion = 1;
	classes = {
	};
	objectVersion = 50;
	objects = {

/* Begin PBXBuildFile section */
		A74AE0D62566B1FA00DF23F2 /* AppDelegate.swift in Sources */ = {isa = PBXBuildFile; fileRef = A74AE0D52566B1FA00DF23F2 /* AppDelegate.swift */; };
		A74AE0D82566B1FA00DF23F2 /* art.scnassets in Resources */ = {isa = PBXBuildFile; fileRef = A74AE0D72566B1FA00DF23F2 /* art.scnassets */; };
		A74AE0DA2566B1FA00DF23F2 /* ViewController.swift in Sources */ = {isa = PBXBuildFile; fileRef = A74AE0D92566B1FA00DF23F2 /* ViewController.swift */; };
		A74AE0DD2566B1FA00DF23F2 /* Main.storyboard in Resources */ = {isa = PBXBuildFile; fileRef = A74AE0DB2566B1FA00DF23F2 /* Main.storyboard */; };
		A74AE0DF2566B1FE00DF23F2 /* Assets.xcassets in Resources */ = {isa = PBXBuildFile; fileRef = A74AE0DE2566B1FE00DF23F2 /* Assets.xcassets */; };
		A74AE0E22566B1FE00DF23F2 /* LaunchScreen.storyboard in Resources */ = {isa = PBXBuildFile; fileRef = A74AE0E02566B1FE00DF23F2 /* LaunchScreen.storyboard */; };
/* End PBXBuildFile section */

/* Begin PBXFileReference section */
		A74AE0D22566B1FA00DF23F2 /* RouteTest.app */ = {isa = PBXFileReference; explicitFileType = wrapper.application; includeInIndex = 0; path = RouteTest.app; sourceTree = BUILT_PRODUCTS_DIR; };
		A74AE0D52566B1FA00DF23F2 /* AppDelegate.swift */ = {isa = PBXFileReference; lastKnownFileType = sourcecode.swift; path = AppDelegate.swift; sourceTree = "<group>"; };
		A74AE0D72566B1FA00DF23F2 /* art.scnassets */ = {isa = PBXFileReference; lastKnownFileType = wrapper.scnassets; path = art.scnassets; sourceTree = "<group>"; };
		A74AE0D92566B1FA00DF23F2 /* ViewController.swift */ = {isa = PBXFileReference; lastKnownFileType = sourcecode.swift; path = ViewController.swift; sourceTree = "<group>"; };
		A74AE0DC2566B1FA00DF23F2 /* Base */ = {isa = PBXFileReference; lastKnownFileType = file.storyboard; name = Base; path = Base.lproj/Main.storyboard; sourceTree = "<group>"; };
		A74AE0DE2566B1FE00DF23F2 /* Assets.xcassets */ = {isa = PBXFileReference; lastKnownFileType = folder.assetcatalog; path = Assets.xcassets; sourceTree = "<group>"; };
		A74AE0E12566B1FE00DF23F2 /* Base */ = {isa = PBXFileReference; lastKnownFileType = file.storyboard; name = Base; path = Base.lproj/LaunchScreen.storyboard; sourceTree = "<group>"; };
		A74AE0E32566B1FE00DF23F2 /* Info.plist */ = {isa = PBXFileReference; lastKnownFileType = text.plist.xml; path = Info.plist; sourceTree = "<group>"; };
/* End PBXFileReference section */

/* Begin PBXFrameworksBuildPhase section */
		A74AE0CF2566B1FA00DF23F2 /* Frameworks */ = {
			isa = PBXFrameworksBuildPhase;
			buildActionMask = 2147483647;
			files = (
			);
			runOnlyForDeploymentPostprocessing = 0;
		};
/* End PBXFrameworksBuildPhase section */

/* Begin PBXGroup section */
		A74AE0C92566B1FA00DF23F2 = {
			isa = PBXGroup;
			children = (
				A74AE0D42566B1FA00DF23F2 /* RouteTest */,
				A74AE0D32566B1FA00DF23F2 /* Products */,
			);
			sourceTree = "<group>";
		};
		A74AE0D32566B1FA00DF23F2 /* Products */ = {
			isa = PBXGroup;
			children = (
				A74AE0D22566B1FA00DF23F2 /* RouteTest.app */,
			);
			name = Products;
			sourceTree = "<group>";
		};
		A74AE0D42566B1FA00DF23F2 /* RouteTest */ = {
			isa = PBXGroup;
			children = (
				A74AE0D52566B1FA00DF23F2 /* AppDelegate.swift */,
				A74AE0D72566B1FA00DF23F2 /* art.scnassets */,
				A74AE0D92566B1FA00DF23F2 /* ViewController.swift */,
				A74AE0DB2566B1FA00DF23F2 /* Main.storyboard */,
				A74AE0DE2566B1FE00DF23F2 /* Assets.xcassets */,
				A74AE0E02566B1FE00DF23F2 /* LaunchScreen.storyboard */,
				A74AE0E32566B1FE00DF23F2 /* Info.plist */,
			);
			path = RouteTest;
			sourceTree = "<group>";
		};
/* End PBXGroup section */

/* Begin PBXNativeTarget section */
		A74AE0D12566B1FA00DF23F2 /* RouteTest */ = {
			isa = PBXNativeTarget;
			buildConfigurationList = A74AE0E62566B1FE00DF23F2 /* Build configuration list for PBXNativeTarget "RouteTest" */;
			buildPhases = (
				A74AE0CE2566B1FA00DF23F2 /* Sources */,
				A74AE0CF2566B1FA00DF23F2 /* Frameworks */,
				A74AE0D02566B1FA00DF23F2 /* Resources */,
			);
			buildRules = (
			);
			dependencies = (
			);
			name = RouteTest;
			productName = RouteTest;
			productReference = A74AE0D22566B1FA00DF23F2 /* RouteTest.app */;
			productType = "com.apple.product-type.application";
		};
/* End PBXNativeTarget section */

/* Begin PBXProject section */
		A74AE0CA2566B1FA00DF23F2 /* Project object */ = {
			isa = PBXProject;
			attributes = {
				LastSwiftUpdateCheck = 1170;
				LastUpgradeCheck = 1170;
				ORGANIZATIONNAME = "Omer Katzir";
				TargetAttributes = {
					A74AE0D12566B1FA00DF23F2 = {
						CreatedOnToolsVersion = 11.7;
					};
				};
			};
			buildConfigurationList = A74AE0CD2566B1FA00DF23F2 /* Build configuration list for PBXProject "RouteTest" */;
			compatibilityVersion = "Xcode 9.3";
			developmentRegion = en;
			hasScannedForEncodings = 0;
			knownRegions = (
				en,
				Base,
			);
			mainGroup = A74AE0C92566B1FA00DF23F2;
			productRefGroup = A74AE0D32566B1FA00DF23F2 /* Products */;
			projectDirPath = "";
			projectRoot = "";
			targets = (
				A74AE0D12566B1FA00DF23F2 /* RouteTest */,
			);
		};
/* End PBXProject section */

/* Begin PBXResourcesBuildPhase section */
		A74AE0D02566B1FA00DF23F2 /* Resources */ = {
			isa = PBXResourcesBuildPhase;
			buildActionMask = 2147483647;
			files = (
				A74AE0D82566B1FA00DF23F2 /* art.scnassets in Resources */,
				A74AE0E22566B1FE00DF23F2 /* LaunchScreen.storyboard in Resources */,
				A74AE0DF2566B1FE00DF23F2 /* Assets.xcassets in Resources */,
				A74AE0DD2566B1FA00DF23F2 /* Main.storyboard in Resources */,
			);
			runOnlyForDeploymentPostprocessing = 0;
		};
/* End PBXResourcesBuildPhase section */

/* Begin PBXSourcesBuildPhase section */
		A74AE0CE2566B1FA00DF23F2 /* Sources */ = {
			isa = PBXSourcesBuildPhase;
			buildActionMask = 2147483647;
			files = (
				A74AE0DA2566B1FA00DF23F2 /* ViewController.swift in Sources */,
				A74AE0D62566B1FA00DF23F2 /* AppDelegate.swift in Sources */,
			);
			runOnlyForDeploymentPostprocessing = 0;
		};
/* End PBXSourcesBuildPhase section */

/* Begin PBXVariantGroup section */
		A74AE0DB2566B1FA00DF23F2 /* Main.storyboard */ = {
			isa = PBXVariantGroup;
			children = (
				A74AE0DC2566B1FA00DF23F2 /* Base */,
			);
			name = Main.storyboard;
			sourceTree = "<group>";
		};
		A74AE0E02566B1FE00DF23F2 /* LaunchScreen.storyboard */ = {
			isa = PBXVariantGroup;
			children = (
				A74AE0E12566B1FE00DF23F2 /* Base */,
			);
			name = LaunchScreen.storyboard;
			sourceTree = "<group>";
		};
/* End PBXVariantGroup section */

/* Begin XCBuildConfiguration section */
		A74AE0E42566B1FE00DF23F2 /* Debug */ = {
			isa = XCBuildConfiguration;
			buildSettings = {
				ALWAYS_SEARCH_USER_PATHS = NO;
				CLANG_ANALYZER_NONNULL = YES;
				CLANG_ANALYZER_NUMBER_OBJECT_CONVERSION = YES_AGGRESSIVE;
				CLANG_CXX_LANGUAGE_STANDARD = "gnu++14";
				CLANG_CXX_LIBRARY = "libc++";
				CLANG_ENABLE_MODULES = YES;
				CLANG_ENABLE_OBJC_ARC = YES;
				CLANG_ENABLE_OBJC_WEAK = YES;
				CLANG_WARN_BLOCK_CAPTURE_AUTORELEASING = YES;
				CLANG_WARN_BOOL_CONVERSION = YES;
				CLANG_WARN_COMMA = YES;
				CLANG_WARN_CONSTANT_CONVERSION = YES;
				CLANG_WARN_DEPRECATED_OBJC_IMPLEMENTATIONS = YES;
				CLANG_WARN_DIRECT_OBJC_ISA_USAGE = YES_ERROR;
				CLANG_WARN_DOCUMENTATION_COMMENTS = YES;
				CLANG_WARN_EMPTY_BODY = YES;
				CLANG_WARN_ENUM_CONVERSION = YES;
				CLANG_WARN_INFINITE_RECURSION = YES;
				CLANG_WARN_INT_CONVERSION = YES;
				CLANG_WARN_NON_LITERAL_NULL_CONVERSION = YES;
				CLANG_WARN_OBJC_IMPLICIT_RETAIN_SELF = YES;
				CLANG_WARN_OBJC_LITERAL_CONVERSION = YES;
				CLANG_WARN_OBJC_ROOT_CLASS = YES_ERROR;
				CLANG_WARN_RANGE_LOOP_ANALYSIS = YES;
				CLANG_WARN_STRICT_PROTOTYPES = YES;
				CLANG_WARN_SUSPICIOUS_MOVE = YES;
				CLANG_WARN_UNGUARDED_AVAILABILITY = YES_AGGRESSIVE;
				CLANG_WARN_UNREACHABLE_CODE = YES;
				CLANG_WARN__DUPLICATE_METHOD_MATCH = YES;
				COPY_PHASE_STRIP = NO;
				DEBUG_INFORMATION_FORMAT = dwarf;
				ENABLE_STRICT_OBJC_MSGSEND = YES;
				ENABLE_TESTABILITY = YES;
				GCC_C_LANGUAGE_STANDARD = gnu11;
				GCC_DYNAMIC_NO_PIC = NO;
				GCC_NO_COMMON_BLOCKS = YES;
				GCC_OPTIMIZATION_LEVEL = 0;
				GCC_PREPROCESSOR_DEFINITIONS = (
					"DEBUG=1",
					"$(inherited)",
				);
				GCC_WARN_64_TO_32_BIT_CONVERSION = YES;
				GCC_WARN_ABOUT_RETURN_TYPE = YES_ERROR;
				GCC_WARN_UNDECLARED_SELECTOR = YES;
				GCC_WARN_UNINITIALIZED_AUTOS = YES_AGGRESSIVE;
				GCC_WARN_UNUSED_FUNCTION = YES;
				GCC_WARN_UNUSED_VARIABLE = YES;
				IPHONEOS_DEPLOYMENT_TARGET = 13.7;
				MTL_ENABLE_DEBUG_INFO = INCLUDE_SOURCE;
				MTL_FAST_MATH = YES;
				ONLY_ACTIVE_ARCH = YES;
				SDKROOT = iphoneos;
				SWIFT_ACTIVE_COMPILATION_CONDITIONS = DEBUG;
				SWIFT_OPTIMIZATION_LEVEL = "-Onone";
			};
			name = Debug;
		};
		A74AE0E52566B1FE00DF23F2 /* Release */ = {
			isa = XCBuildConfiguration;
			buildSettings = {
				ALWAYS_SEARCH_USER_PATHS = NO;
				CLANG_ANALYZER_NONNULL = YES;
				CLANG_ANALYZER_NUMBER_OBJECT_CONVERSION = YES_AGGRESSIVE;
				CLANG_CXX_LANGUAGE_STANDARD = "gnu++14";
				CLANG_CXX_LIBRARY = "libc++";
				CLANG_ENABLE_MODULES = YES;
				CLANG_ENABLE_OBJC_ARC = YES;
				CLANG_ENABLE_OBJC_WEAK = YES;
				CLANG_WARN_BLOCK_CAPTURE_AUTORELEASING = YES;
				CLANG_WARN_BOOL_CONVERSION = YES;
				CLANG_WARN_COMMA = YES;
				CLANG_WARN_CONSTANT_CONVERSION = YES;
				CLANG_WARN_DEPRECATED_OBJC_IMPLEMENTATIONS = YES;
				CLANG_WARN_DIRECT_OBJC_ISA_USAGE = YES_ERROR;
				CLANG_WARN_DOCUMENTATION_COMMENTS = YES;
				CLANG_WARN_EMPTY_BODY = YES;
				CLANG_WARN_ENUM_CONVERSION = YES;
				CLANG_WARN_INFINITE_RECURSION = YES;
				CLANG_WARN_INT_CONVERSION = YES;
				CLANG_WARN_NON_LITERAL_NULL_CONVERSION = YES;
				CLANG_WARN_OBJC_IMPLICIT_RETAIN_SELF = YES;
				CLANG_WARN_OBJC_LITERAL_CONVERSION = YES;
				CLANG_WARN_OBJC_ROOT_CLASS = YES_ERROR;
				CLANG_WARN_RANGE_LOOP_ANALYSIS = YES;
				CLANG_WARN_STRICT_PROTOTYPES = YES;
				CLANG_WARN_SUSPICIOUS_MOVE = YES;
				CLANG_WARN_UNGUARDED_AVAILABILITY = YES_AGGRESSIVE;
				CLANG_WARN_UNREACHABLE_CODE = YES;
				CLANG_WARN__DUPLICATE_METHOD_MATCH = YES;
				COPY_PHASE_STRIP = NO;
				DEBUG_INFORMATION_FORMAT = "dwarf-with-dsym";
				ENABLE_NS_ASSERTIONS = NO;
				ENABLE_STRICT_OBJC_MSGSEND = YES;
				GCC_C_LANGUAGE_STANDARD = gnu11;
				GCC_NO_COMMON_BLOCKS = YES;
				GCC_WARN_64_TO_32_BIT_CONVERSION = YES;
				GCC_WARN_ABOUT_RETURN_TYPE = YES_ERROR;
				GCC_WARN_UNDECLARED_SELECTOR = YES;
				GCC_WARN_UNINITIALIZED_AUTOS = YES_AGGRESSIVE;
				GCC_WARN_UNUSED_FUNCTION = YES;
				GCC_WARN_UNUSED_VARIABLE = YES;
				IPHONEOS_DEPLOYMENT_TARGET = 13.7;
				MTL_ENABLE_DEBUG_INFO = NO;
				MTL_FAST_MATH = YES;
				SDKROOT = iphoneos;
				SWIFT_COMPILATION_MODE = wholemodule;
				SWIFT_OPTIMIZATION_LEVEL = "-O";
				VALIDATE_PRODUCT = YES;
			};
			name = Release;
		};
		A74AE0E72566B1FE00DF23F2 /* Debug */ = {
			isa = XCBuildConfiguration;
			buildSettings = {
				ASSETCATALOG_COMPILER_APPICON_NAME = AppIcon;
				CODE_SIGN_STYLE = Automatic;
				DEVELOPMENT_TEAM = L5T7GACRHM;
				INFOPLIST_FILE = RouteTest/Info.plist;
				LD_RUNPATH_SEARCH_PATHS = (
					"$(inherited)",
					"@executable_path/Frameworks",
				);
				PRODUCT_BUNDLE_IDENTIFIER = com.omk.RouteTest;
				PRODUCT_NAME = "$(TARGET_NAME)";
				SWIFT_VERSION = 5.0;
				TARGETED_DEVICE_FAMILY = "1,2";
			};
			name = Debug;
		};
		A74AE0E82566B1FE00DF23F2 /* Release */ = {
			isa = XCBuildConfiguration;
			buildSettings = {
				ASSETCATALOG_COMPILER_APPICON_NAME = AppIcon;
				CODE_SIGN_STYLE = Automatic;
				DEVELOPMENT_TEAM = L5T7GACRHM;
				INFOPLIST_FILE = RouteTest/Info.plist;
				LD_RUNPATH_SEARCH_PATHS = (
					"$(inherited)",
					"@executable_path/Frameworks",
				);
				PRODUCT_BUNDLE_IDENTIFIER = com.omk.RouteTest;
				PRODUCT_NAME = "$(TARGET_NAME)";
				SWIFT_VERSION = 5.0;
				TARGETED_DEVICE_FAMILY = "1,2";
			};
			name = Release;
		};
/* End XCBuildConfiguration section */

/* Begin XCConfigurationList section */
		A74AE0CD2566B1FA00DF23F2 /* Build configuration list for PBXProject "RouteTest" */ = {
			isa = XCConfigurationList;
			buildConfigurations = (
				A74AE0E42566B1FE00DF23F2 /* Debug */,
				A74AE0E52566B1FE00DF23F2 /* Release */,
			);
			defaultConfigurationIsVisible = 0;
			defaultConfigurationName = Release;
		};
		A74AE0E62566B1FE00DF23F2 /* Build configuration list for PBXNativeTarget "RouteTest" */ = {
			isa = XCConfigurationList;
			buildConfigurations = (
				A74AE0E72566B1FE00DF23F2 /* Debug */,
				A74AE0E82566B1FE00DF23F2 /* Release */,
			);
			defaultConfigurationIsVisible = 0;
			defaultConfigurationName = Release;
		};
/* End XCConfigurationList section */
	};
	rootObject = A74AE0CA2566B1FA00DF23F2 /* Project object */;
}
